
Microsoft Visual Studio Solution File, Format Version 12.00
# Visual Studio Version 17
VisualStudioVersion = 17.10.35122.118
MinimumVisualStudioVersion = 10.0.40219.1
Project("{FAE04EC0-301F-11D3-BF4B-00C04F79EFBC}") = "ApiFluentValidation", "ApiFluentValidation\ApiFluentValidation.csproj", "{07B07015-00F0-47F4-A49A-5423AD4AFD8E}"
EndProject
Global
	GlobalSection(SolutionConfigurationPlatforms) = preSolution
		Debug|Any CPU = Debug|Any CPU
		Release|Any CPU = Release|Any CPU
	EndGlobalSection
	GlobalSection(ProjectConfigurationPlatforms) = postSolution
		{07B07015-00F0-47F4-A49A-5423AD4AFD8E}.Debug|Any CPU.ActiveCfg = Debug|Any CPU
		{07B07015-00F0-47F4-A49A-5423AD4AFD8E}.Debug|Any CPU.Build.0 = Debug|Any CPU
		{07B07015-00F0-47F4-A49A-5423AD4AFD8E}.Release|Any CPU.ActiveCfg = Release|Any CPU
		{07B07015-00F0-47F4-A49A-5423AD4AFD8E}.Release|Any CPU.Build.0 = Release|Any CPU
	EndGlobalSection
	GlobalSection(SolutionProperties) = preSolution
		HideSolutionNode = FALSE
	EndGlobalSection
	GlobalSection(ExtensibilityGlobals) = postSolution
		SolutionGuid = {66EE0D40-B7D0-441A-AE1D-CB796F512DC3}
	EndGlobalSection
EndGlobal
